# THIS IS AN AUTOGENERATED FILE. DO NOT EDIT THIS FILE DIRECTLY.
# yarn lockfile v1


"@mapbox/geojson-normalize@^0.0.1":
  version "0.0.1"
  resolved "https://registry.yarnpkg.com/@mapbox/geojson-normalize/-/geojson-normalize-0.0.1.tgz#1da1e6b3a7add3ad29909b30f438f60581b7cd80"
  integrity sha1-HaHms6et060pkJsw9Dj2BYG3zYA=

"@mapbox/sexagesimal@^1.1.0":
  version "1.1.0"
  resolved "https://registry.yarnpkg.com/@mapbox/sexagesimal/-/sexagesimal-1.1.0.tgz#63cefb93a454948d31a55eaf440c7aadb39e339a"
  integrity sha1-Y877k6RUlI0xpV6vRAx6rbOeM5o=

commander@2:
  version "2.20.0"
  resolved "https://registry.yarnpkg.com/commander/-/commander-2.20.0.tgz#d58bb2b5c1ee8f87b0d340027e9e94e222c5a422"
  integrity sha512-7j2y+40w61zy6YC2iRNpUe/NwhNyoXrYpHMrSunaMG64nRnaf96zO/KMQR4OyN/UnE5KLyEBnKHd4aG3rskjpQ==

d3-dsv@^1.1.1:
  version "1.1.1"
  resolved "https://registry.yarnpkg.com/d3-dsv/-/d3-dsv-1.1.1.tgz#aaa830ecb76c4b5015572c647cc6441e3c7bb701"
  integrity sha512-1EH1oRGSkeDUlDRbhsFytAXU6cAmXFzc52YUe6MRlPClmWb85MP1J5x+YJRzya4ynZWnbELdSAvATFW/MbxaXw==
  dependencies:
    commander "2"
    iconv-lite "0.4"
    rw "1"

deeks@2.2.1:
  version "2.2.1"
  resolved "https://registry.yarnpkg.com/deeks/-/deeks-2.2.1.tgz#4de360652998fd0a681153a9ffde5dcc6c983f4a"
  integrity sha512-D2Qu3Fv5zBtBzXjXIUgWPRYn30d/IG6SCPOKIz42+LVTwhPeRI5+DAxdzap0vI2zYheiErIpVLwaUQBoA/iENw==
  dependencies:
    underscore "1.9.1"

doc-path@2.0.1:
  version "2.0.1"
  resolved "https://registry.yarnpkg.com/doc-path/-/doc-path-2.0.1.tgz#d2adb8bcd31c895b17b92f61eff39aaec04430d2"
  integrity sha512-/CCG157H//3l513omROUzaREChY/OYpxqYXvQcv7gsrwGfjVOh5d/1gJigHJ6iTnO77pA8rMLZ63CgEPEM6+9Q==

geojson-validation@^0.2.1:
  version "0.2.1"
  resolved "https://registry.yarnpkg.com/geojson-validation/-/geojson-validation-0.2.1.tgz#7f9c9a3f7f967ae8e267940fda14478943342f2f"
  integrity sha512-vcWNJ0HKF4XN5GjyCnDImeuVFwI20iBrbMYaTeS7KJqjN+UjULpi8wbRBp+8UCiy9ofetKhxKC9rH/9RdFiaJQ==

iconv-lite@0.4:
  version "0.4.24"
  resolved "https://registry.yarnpkg.com/iconv-lite/-/iconv-lite-0.4.24.tgz#2022b4b25fbddc21d2f524974a474aafe733908b"
  integrity sha512-v3MXnZAcvnywkTUEZomIActle7RXXeedOR31wwl7VlyoXO4Qi9arvSenNQWne1TcRwhCL1HwLI21bEqdpj8/rA==
  dependencies:
    safer-buffer ">= 2.1.2 < 3"

json-2-csv@^3.5.0:
  version "3.5.0"
  resolved "https://registry.yarnpkg.com/json-2-csv/-/json-2-csv-3.5.0.tgz#dec5bc4d672ecbf70466bcd1f6f6c2d7569f5e83"
  integrity sha512-nb9jMYfl+vyMMeiFJYFt9/rgS6T8JEohXyImCseH3mfXUDtmqI4KfnwSHddzm5gP2d/0Yd8T7H42SqXkooQ2Yw==
  dependencies:
    deeks "2.2.1"
    doc-path "2.0.1"
    underscore "1.9.1"

rw@1:
  version "1.3.3"
  resolved "https://registry.yarnpkg.com/rw/-/rw-1.3.3.tgz#3f862dfa91ab766b14885ef4d01124bfda074fb4"
  integrity sha1-P4Yt+pGrdmsUiF700BEkv9oHT7Q=

"safer-buffer@>= 2.1.2 < 3":
  version "2.1.2"
  resolved "https://registry.yarnpkg.com/safer-buffer/-/safer-buffer-2.1.2.tgz#44fa161b0187b9549dd84bb91802f9bd8385cd6a"
  integrity sha512-YZo3K82SD7Riyi0E1EQPojLz7kpepnSQI9IyPbHHg1XXXevb5dJI7tpyN2ADxGcQbHG7vcyRHk0cbwqcQriUtg==

underscore@1.9.1:
  version "1.9.1"
  resolved "https://registry.yarnpkg.com/underscore/-/underscore-1.9.1.tgz#06dce34a0e68a7babc29b365b8e74b8925203961"
  integrity sha512-5/4etnCkd9c8gwgowi5/om/mYO5ajCaOgdzj/oW+0eQV9WxKBDZw5+ycmKmeaTXjInS/W0BzpGLo2xR2aBwZdg==
